
Microsoft Visual Studio Solution File, Format Version 12.00
# Blend for Visual Studio 14
VisualStudioVersion = 14.0.23107.0
MinimumVisualStudioVersion = 10.0.40219.1
Project("{FAE04EC0-301F-11D3-BF4B-00C04F79EFBC}") = "SuperShell", "SuperShell\SuperShell.csproj", "{DC4B133E-9869-4A92-83F9-CC7A0D8B5AF4}"
EndProject
Project("{FAE04EC0-301F-11D3-BF4B-00C04F79EFBC}") = "SuperShell.Bridge", "SuperShell.Bridge\SuperShell.Bridge.csproj", "{55393F8D-3D94-4A51-B511-9E4896029FFE}"
EndProject
Project("{FAE04EC0-301F-11D3-BF4B-00C04F79EFBC}") = "ICSharpCode.CodeCompletion", "NRefactory-Completion\Src\ICSharpCode.CodeCompletion\ICSharpCode.CodeCompletion.csproj", "{82C28FBB-0408-466A-BE20-BD4A3CE76A75}"
EndProject
Project("{FAE04EC0-301F-11D3-BF4B-00C04F79EFBC}") = "ICSharpCode.AvalonEdit", "NRefactory-Completion\Src\ICSharpCode.AvalonEdit\ICSharpCode.AvalonEdit.csproj", "{6C55B776-26D4-4DB3-A6AB-87E783B2F3D1}"
EndProject
Global
	GlobalSection(SolutionConfigurationPlatforms) = preSolution
		Debug|Any CPU = Debug|Any CPU
		Debug|x86 = Debug|x86
		net_4_5_Debug|Any CPU = net_4_5_Debug|Any CPU
		net_4_5_Debug|x86 = net_4_5_Debug|x86
		net_4_5_Release|Any CPU = net_4_5_Release|Any CPU
		net_4_5_Release|x86 = net_4_5_Release|x86
		Release|Any CPU = Release|Any CPU
		Release|x86 = Release|x86
	EndGlobalSection
	GlobalSection(ProjectConfigurationPlatforms) = postSolution
		{DC4B133E-9869-4A92-83F9-CC7A0D8B5AF4}.Debug|Any CPU.ActiveCfg = Debug|Any CPU
		{DC4B133E-9869-4A92-83F9-CC7A0D8B5AF4}.Debug|Any CPU.Build.0 = Debug|Any CPU
		{DC4B133E-9869-4A92-83F9-CC7A0D8B5AF4}.Debug|x86.ActiveCfg = Debug|Any CPU
		{DC4B133E-9869-4A92-83F9-CC7A0D8B5AF4}.Debug|x86.Build.0 = Debug|Any CPU
		{DC4B133E-9869-4A92-83F9-CC7A0D8B5AF4}.net_4_5_Debug|Any CPU.ActiveCfg = Debug|Any CPU
		{DC4B133E-9869-4A92-83F9-CC7A0D8B5AF4}.net_4_5_Debug|Any CPU.Build.0 = Debug|Any CPU
		{DC4B133E-9869-4A92-83F9-CC7A0D8B5AF4}.net_4_5_Debug|x86.ActiveCfg = Debug|Any CPU
		{DC4B133E-9869-4A92-83F9-CC7A0D8B5AF4}.net_4_5_Debug|x86.Build.0 = Debug|Any CPU
		{DC4B133E-9869-4A92-83F9-CC7A0D8B5AF4}.net_4_5_Release|Any CPU.ActiveCfg = Release|Any CPU
		{DC4B133E-9869-4A92-83F9-CC7A0D8B5AF4}.net_4_5_Release|Any CPU.Build.0 = Release|Any CPU
		{DC4B133E-9869-4A92-83F9-CC7A0D8B5AF4}.net_4_5_Release|x86.ActiveCfg = Release|Any CPU
		{DC4B133E-9869-4A92-83F9-CC7A0D8B5AF4}.net_4_5_Release|x86.Build.0 = Release|Any CPU
		{DC4B133E-9869-4A92-83F9-CC7A0D8B5AF4}.Release|Any CPU.ActiveCfg = Release|Any CPU
		{DC4B133E-9869-4A92-83F9-CC7A0D8B5AF4}.Release|Any CPU.Build.0 = Release|Any CPU
		{DC4B133E-9869-4A92-83F9-CC7A0D8B5AF4}.Release|x86.ActiveCfg = Release|Any CPU
		{DC4B133E-9869-4A92-83F9-CC7A0D8B5AF4}.Release|x86.Build.0 = Release|Any CPU
		{55393F8D-3D94-4A51-B511-9E4896029FFE}.Debug|Any CPU.ActiveCfg = Debug|Any CPU
		{55393F8D-3D94-4A51-B511-9E4896029FFE}.Debug|Any CPU.Build.0 = Debug|Any CPU
		{55393F8D-3D94-4A51-B511-9E4896029FFE}.Debug|x86.ActiveCfg = Debug|Any CPU
		{55393F8D-3D94-4A51-B511-9E4896029FFE}.Debug|x86.Build.0 = Debug|Any CPU
		{55393F8D-3D94-4A51-B511-9E4896029FFE}.net_4_5_Debug|Any CPU.ActiveCfg = Debug|Any CPU
		{55393F8D-3D94-4A51-B511-9E4896029FFE}.net_4_5_Debug|Any CPU.Build.0 = Debug|Any CPU
		{55393F8D-3D94-4A51-B511-9E4896029FFE}.net_4_5_Debug|x86.ActiveCfg = Debug|Any CPU
		{55393F8D-3D94-4A51-B511-9E4896029FFE}.net_4_5_Debug|x86.Build.0 = Debug|Any CPU
		{55393F8D-3D94-4A51-B511-9E4896029FFE}.net_4_5_Release|Any CPU.ActiveCfg = Release|Any CPU
		{55393F8D-3D94-4A51-B511-9E4896029FFE}.net_4_5_Release|Any CPU.Build.0 = Release|Any CPU
		{55393F8D-3D94-4A51-B511-9E4896029FFE}.net_4_5_Release|x86.ActiveCfg = Release|Any CPU
		{55393F8D-3D94-4A51-B511-9E4896029FFE}.net_4_5_Release|x86.Build.0 = Release|Any CPU
		{55393F8D-3D94-4A51-B511-9E4896029FFE}.Release|Any CPU.ActiveCfg = Release|Any CPU
		{55393F8D-3D94-4A51-B511-9E4896029FFE}.Release|Any CPU.Build.0 = Release|Any CPU
		{55393F8D-3D94-4A51-B511-9E4896029FFE}.Release|x86.ActiveCfg = Release|Any CPU
		{55393F8D-3D94-4A51-B511-9E4896029FFE}.Release|x86.Build.0 = Release|Any CPU
		{82C28FBB-0408-466A-BE20-BD4A3CE76A75}.Debug|Any CPU.ActiveCfg = Debug|Any CPU
		{82C28FBB-0408-466A-BE20-BD4A3CE76A75}.Debug|Any CPU.Build.0 = Debug|Any CPU
		{82C28FBB-0408-466A-BE20-BD4A3CE76A75}.Debug|x86.ActiveCfg = Debug|Any CPU
		{82C28FBB-0408-466A-BE20-BD4A3CE76A75}.Debug|x86.Build.0 = Debug|Any CPU
		{82C28FBB-0408-466A-BE20-BD4A3CE76A75}.net_4_5_Debug|Any CPU.ActiveCfg = Debug|Any CPU
		{82C28FBB-0408-466A-BE20-BD4A3CE76A75}.net_4_5_Debug|Any CPU.Build.0 = Debug|Any CPU
		{82C28FBB-0408-466A-BE20-BD4A3CE76A75}.net_4_5_Debug|x86.ActiveCfg = Debug|Any CPU
		{82C28FBB-0408-466A-BE20-BD4A3CE76A75}.net_4_5_Debug|x86.Build.0 = Debug|Any CPU
		{82C28FBB-0408-466A-BE20-BD4A3CE76A75}.net_4_5_Release|Any CPU.ActiveCfg = Release|Any CPU
		{82C28FBB-0408-466A-BE20-BD4A3CE76A75}.net_4_5_Release|Any CPU.Build.0 = Release|Any CPU
		{82C28FBB-0408-466A-BE20-BD4A3CE76A75}.net_4_5_Release|x86.ActiveCfg = Release|Any CPU
		{82C28FBB-0408-466A-BE20-BD4A3CE76A75}.net_4_5_Release|x86.Build.0 = Release|Any CPU
		{82C28FBB-0408-466A-BE20-BD4A3CE76A75}.Release|Any CPU.ActiveCfg = Release|Any CPU
		{82C28FBB-0408-466A-BE20-BD4A3CE76A75}.Release|Any CPU.Build.0 = Release|Any CPU
		{82C28FBB-0408-466A-BE20-BD4A3CE76A75}.Release|x86.ActiveCfg = Release|Any CPU
		{82C28FBB-0408-466A-BE20-BD4A3CE76A75}.Release|x86.Build.0 = Release|Any CPU
		{6C55B776-26D4-4DB3-A6AB-87E783B2F3D1}.Debug|Any CPU.ActiveCfg = Debug|Any CPU
		{6C55B776-26D4-4DB3-A6AB-87E783B2F3D1}.Debug|Any CPU.Build.0 = Debug|Any CPU
		{6C55B776-26D4-4DB3-A6AB-87E783B2F3D1}.Debug|x86.ActiveCfg = Debug|Any CPU
		{6C55B776-26D4-4DB3-A6AB-87E783B2F3D1}.Debug|x86.Build.0 = Debug|Any CPU
		{6C55B776-26D4-4DB3-A6AB-87E783B2F3D1}.net_4_5_Debug|Any CPU.ActiveCfg = Debug|Any CPU
		{6C55B776-26D4-4DB3-A6AB-87E783B2F3D1}.net_4_5_Debug|Any CPU.Build.0 = Debug|Any CPU
		{6C55B776-26D4-4DB3-A6AB-87E783B2F3D1}.net_4_5_Debug|x86.ActiveCfg = Debug|Any CPU
		{6C55B776-26D4-4DB3-A6AB-87E783B2F3D1}.net_4_5_Debug|x86.Build.0 = Debug|Any CPU
		{6C55B776-26D4-4DB3-A6AB-87E783B2F3D1}.net_4_5_Release|Any CPU.ActiveCfg = Release|Any CPU
		{6C55B776-26D4-4DB3-A6AB-87E783B2F3D1}.net_4_5_Release|Any CPU.Build.0 = Release|Any CPU
		{6C55B776-26D4-4DB3-A6AB-87E783B2F3D1}.net_4_5_Release|x86.ActiveCfg = Release|Any CPU
		{6C55B776-26D4-4DB3-A6AB-87E783B2F3D1}.net_4_5_Release|x86.Build.0 = Release|Any CPU
		{6C55B776-26D4-4DB3-A6AB-87E783B2F3D1}.Release|Any CPU.ActiveCfg = Release|Any CPU
		{6C55B776-26D4-4DB3-A6AB-87E783B2F3D1}.Release|Any CPU.Build.0 = Release|Any CPU
		{6C55B776-26D4-4DB3-A6AB-87E783B2F3D1}.Release|x86.ActiveCfg = Release|Any CPU
		{6C55B776-26D4-4DB3-A6AB-87E783B2F3D1}.Release|x86.Build.0 = Release|Any CPU
	EndGlobalSection
	GlobalSection(SolutionProperties) = preSolution
		HideSolutionNode = FALSE
	EndGlobalSection
EndGlobal
